
Microsoft Visual Studio Solution File, Format Version 12.00
# Visual Studio Version 16
VisualStudioVersion = 16.0.29926.136
MinimumVisualStudioVersion = 10.0.40219.1
Project("{9A19103F-16F7-4668-BE54-9A1E7A4F7556}") = "rabbit-send", "rabbit\rabbit-send.csproj", "{6E74D7D6-C5DC-495D-BD36-BB39A042662E}"
EndProject
Project("{9A19103F-16F7-4668-BE54-9A1E7A4F7556}") = "rabbit-recv", "rabbit-recv\rabbit-recv.csproj", "{D6515E60-B345-4FE6-B1EB-05E51D3FFC1F}"
EndProject
Project("{E53339B2-1760-4266-BCC7-CA923CBCF16C}") = "docker-compose", "docker-compose.dcproj", "{726C74C6-D553-4A6C-A82B-3EAD453350E6}"
EndProject
Global
	GlobalSection(SolutionConfigurationPlatforms) = preSolution
		Debug|Any CPU = Debug|Any CPU
		Release|Any CPU = Release|Any CPU
	EndGlobalSection
	GlobalSection(ProjectConfigurationPlatforms) = postSolution
		{6E74D7D6-C5DC-495D-BD36-BB39A042662E}.Debug|Any CPU.ActiveCfg = Debug|Any CPU
		{6E74D7D6-C5DC-495D-BD36-BB39A042662E}.Debug|Any CPU.Build.0 = Debug|Any CPU
		{6E74D7D6-C5DC-495D-BD36-BB39A042662E}.Release|Any CPU.ActiveCfg = Release|Any CPU
		{6E74D7D6-C5DC-495D-BD36-BB39A042662E}.Release|Any CPU.Build.0 = Release|Any CPU
		{D6515E60-B345-4FE6-B1EB-05E51D3FFC1F}.Debug|Any CPU.ActiveCfg = Debug|Any CPU
		{D6515E60-B345-4FE6-B1EB-05E51D3FFC1F}.Debug|Any CPU.Build.0 = Debug|Any CPU
		{D6515E60-B345-4FE6-B1EB-05E51D3FFC1F}.Release|Any CPU.ActiveCfg = Release|Any CPU
		{D6515E60-B345-4FE6-B1EB-05E51D3FFC1F}.Release|Any CPU.Build.0 = Release|Any CPU
		{726C74C6-D553-4A6C-A82B-3EAD453350E6}.Debug|Any CPU.ActiveCfg = Debug|Any CPU
		{726C74C6-D553-4A6C-A82B-3EAD453350E6}.Debug|Any CPU.Build.0 = Debug|Any CPU
		{726C74C6-D553-4A6C-A82B-3EAD453350E6}.Release|Any CPU.ActiveCfg = Release|Any CPU
		{726C74C6-D553-4A6C-A82B-3EAD453350E6}.Release|Any CPU.Build.0 = Release|Any CPU
	EndGlobalSection
	GlobalSection(SolutionProperties) = preSolution
		HideSolutionNode = FALSE
	EndGlobalSection
	GlobalSection(ExtensibilityGlobals) = postSolution
		SolutionGuid = {6C733833-E810-4DF3-95B0-AACDF5DAB9B8}
	EndGlobalSection
EndGlobal
